
Microsoft Visual Studio Solution File, Format Version 12.00
# Visual Studio Version 16
VisualStudioVersion = 16.0.31702.278
MinimumVisualStudioVersion = 10.0.40219.1
Project("{FAE04EC0-301F-11D3-BF4B-00C04F79EFBC}") = "Facade_Exemplo", "Facade_Exemplo\Facade_Exemplo.csproj", "{DC6200EE-6FDA-499F-A7B2-1B79E5AE93A3}"
EndProject
Global
	GlobalSection(SolutionConfigurationPlatforms) = preSolution
		Debug|Any CPU = Debug|Any CPU
		Release|Any CPU = Release|Any CPU
	EndGlobalSection
	GlobalSection(ProjectConfigurationPlatforms) = postSolution
		{DC6200EE-6FDA-499F-A7B2-1B79E5AE93A3}.Debug|Any CPU.ActiveCfg = Debug|Any CPU
		{DC6200EE-6FDA-499F-A7B2-1B79E5AE93A3}.Debug|Any CPU.Build.0 = Debug|Any CPU
		{DC6200EE-6FDA-499F-A7B2-1B79E5AE93A3}.Release|Any CPU.ActiveCfg = Release|Any CPU
		{DC6200EE-6FDA-499F-A7B2-1B79E5AE93A3}.Release|Any CPU.Build.0 = Release|Any CPU
	EndGlobalSection
	GlobalSection(SolutionProperties) = preSolution
		HideSolutionNode = FALSE
	EndGlobalSection
	GlobalSection(ExtensibilityGlobals) = postSolution
		SolutionGuid = {E9229FAA-8B13-4B22-AE65-0BFCDE113A7E}
	EndGlobalSection
EndGlobal
